
Microsoft Visual Studio Solution File, Format Version 12.00
# Visual Studio Version 17
VisualStudioVersion = 17.0.31903.59
MinimumVisualStudioVersion = 10.0.40219.1
Project("{2150E333-8FDC-42A3-9474-1A3956D46DE8}") = "src", "src", "{A6D3B5E0-56EB-4091-BE5C-0758591A8366}"
EndProject
Project("{FAE04EC0-301F-11D3-BF4B-00C04F79EFBC}") = "AuctionService", "src\AuctionService\AuctionService.csproj", "{45164460-E88F-40BE-8CC5-CD2422FBEF45}"
EndProject
Project("{FAE04EC0-301F-11D3-BF4B-00C04F79EFBC}") = "SearchService", "src\SearchService\SearchService.csproj", "{D209252F-8891-45DC-9570-9CF99FBCA7C7}"
EndProject
Project("{FAE04EC0-301F-11D3-BF4B-00C04F79EFBC}") = "Contracts", "src\Contracts\Contracts.csproj", "{1CE1EF5F-BFD7-4627-B751-6F8E0119F983}"
EndProject
Global
	GlobalSection(SolutionConfigurationPlatforms) = preSolution
		Debug|Any CPU = Debug|Any CPU
		Release|Any CPU = Release|Any CPU
	EndGlobalSection
	GlobalSection(SolutionProperties) = preSolution
		HideSolutionNode = FALSE
	EndGlobalSection
	GlobalSection(ProjectConfigurationPlatforms) = postSolution
		{45164460-E88F-40BE-8CC5-CD2422FBEF45}.Debug|Any CPU.ActiveCfg = Debug|Any CPU
		{45164460-E88F-40BE-8CC5-CD2422FBEF45}.Debug|Any CPU.Build.0 = Debug|Any CPU
		{45164460-E88F-40BE-8CC5-CD2422FBEF45}.Release|Any CPU.ActiveCfg = Release|Any CPU
		{45164460-E88F-40BE-8CC5-CD2422FBEF45}.Release|Any CPU.Build.0 = Release|Any CPU
		{D209252F-8891-45DC-9570-9CF99FBCA7C7}.Debug|Any CPU.ActiveCfg = Debug|Any CPU
		{D209252F-8891-45DC-9570-9CF99FBCA7C7}.Debug|Any CPU.Build.0 = Debug|Any CPU
		{D209252F-8891-45DC-9570-9CF99FBCA7C7}.Release|Any CPU.ActiveCfg = Release|Any CPU
		{D209252F-8891-45DC-9570-9CF99FBCA7C7}.Release|Any CPU.Build.0 = Release|Any CPU
		{1CE1EF5F-BFD7-4627-B751-6F8E0119F983}.Debug|Any CPU.ActiveCfg = Debug|Any CPU
		{1CE1EF5F-BFD7-4627-B751-6F8E0119F983}.Debug|Any CPU.Build.0 = Debug|Any CPU
		{1CE1EF5F-BFD7-4627-B751-6F8E0119F983}.Release|Any CPU.ActiveCfg = Release|Any CPU
		{1CE1EF5F-BFD7-4627-B751-6F8E0119F983}.Release|Any CPU.Build.0 = Release|Any CPU
	EndGlobalSection
	GlobalSection(NestedProjects) = preSolution
		{45164460-E88F-40BE-8CC5-CD2422FBEF45} = {A6D3B5E0-56EB-4091-BE5C-0758591A8366}
		{D209252F-8891-45DC-9570-9CF99FBCA7C7} = {A6D3B5E0-56EB-4091-BE5C-0758591A8366}
		{1CE1EF5F-BFD7-4627-B751-6F8E0119F983} = {A6D3B5E0-56EB-4091-BE5C-0758591A8366}
	EndGlobalSection
EndGlobal
